schema: '2.0'
stages:
  data-processing:
    cmd: python3 src/data/make_dataset.py
    deps:
    - path: data/raw/Reviews.csv
      hash: md5
      md5: c3c950ae0be8b0736477c89d052d33fd
      size: 300904694
    - path: src/data/make_dataset.py
      hash: md5
      md5: 0b75f7b740ef85c10482b003aeedfb20
      size: 2912
    outs:
    - path: data/processed/test.csv
      hash: md5
      md5: adffff99092202d7a587660718f62ea7
      size: 7212513
      isexec: true
    - path: data/processed/train.csv
      hash: md5
      md5: 487267fe39ff4ec3ec8a8eee2dfa57aa
      size: 16854697
      isexec: true
