schema: '2.0'
stages:
  data-processing:
    cmd: python3 src/data/make_dataset.py
    deps:
    - path: data/raw/Reviews.csv
      hash: md5
      md5: c3c950ae0be8b0736477c89d052d33fd
      size: 300904694
    - path: src/data/make_dataset.py
      hash: md5
      md5: 0b75f7b740ef85c10482b003aeedfb20
      size: 2912
    outs:
    - path: data/processed/test.csv
      hash: md5
      md5: 2b0bfd43cee0a1919845c07c7dd1584d
      size: 7194300
      isexec: true
    - path: data/processed/train.csv
      hash: md5
      md5: 4ae015867476b791de48c5dcab67f8be
      size: 16705991
      isexec: true
